
Microsoft Visual Studio Solution File, Format Version 12.00
# Visual Studio Version 16
VisualStudioVersion = 16.0.31613.86
MinimumVisualStudioVersion = 10.0.40219.1
Project("{FAE04EC0-301F-11D3-BF4B-00C04F79EFBC}") = "PolyAlphabeticCipher", "PolyAlphabeticCipher\PolyAlphabeticCipher.csproj", "{646421FB-C969-4FC8-97C8-F825B80E3691}"
EndProject
Global
	GlobalSection(SolutionConfigurationPlatforms) = preSolution
		Debug|Any CPU = Debug|Any CPU
		Release|Any CPU = Release|Any CPU
	EndGlobalSection
	GlobalSection(ProjectConfigurationPlatforms) = postSolution
		{646421FB-C969-4FC8-97C8-F825B80E3691}.Debug|Any CPU.ActiveCfg = Debug|Any CPU
		{646421FB-C969-4FC8-97C8-F825B80E3691}.Debug|Any CPU.Build.0 = Debug|Any CPU
		{646421FB-C969-4FC8-97C8-F825B80E3691}.Release|Any CPU.ActiveCfg = Release|Any CPU
		{646421FB-C969-4FC8-97C8-F825B80E3691}.Release|Any CPU.Build.0 = Release|Any CPU
	EndGlobalSection
	GlobalSection(SolutionProperties) = preSolution
		HideSolutionNode = FALSE
	EndGlobalSection
	GlobalSection(ExtensibilityGlobals) = postSolution
		SolutionGuid = {03C79FF2-52D9-4EC7-B5E6-0AA1DCE5B787}
	EndGlobalSection
EndGlobal
